
Microsoft Visual Studio Solution File, Format Version 12.00
# Visual Studio Version 17
VisualStudioVersion = 17.5.002.0
MinimumVisualStudioVersion = 10.0.40219.1
Project("{9A19103F-16F7-4668-BE54-9A1E7A4F7556}") = "SDL2.NET", "SDL2.NET.csproj", "{6A7B6CC6-9E8E-470E-9F9D-B72F93F13CD5}"
EndProject
Global
	GlobalSection(SolutionConfigurationPlatforms) = preSolution
		Debug|Any CPU = Debug|Any CPU
		Release|Any CPU = Release|Any CPU
	EndGlobalSection
	GlobalSection(ProjectConfigurationPlatforms) = postSolution
		{6A7B6CC6-9E8E-470E-9F9D-B72F93F13CD5}.Debug|Any CPU.ActiveCfg = Debug|Any CPU
		{6A7B6CC6-9E8E-470E-9F9D-B72F93F13CD5}.Debug|Any CPU.Build.0 = Debug|Any CPU
		{6A7B6CC6-9E8E-470E-9F9D-B72F93F13CD5}.Release|Any CPU.ActiveCfg = Release|Any CPU
		{6A7B6CC6-9E8E-470E-9F9D-B72F93F13CD5}.Release|Any CPU.Build.0 = Release|Any CPU
	EndGlobalSection
	GlobalSection(SolutionProperties) = preSolution
		HideSolutionNode = FALSE
	EndGlobalSection
	GlobalSection(ExtensibilityGlobals) = postSolution
		SolutionGuid = {82F863B8-2137-4635-A5C8-71A804052916}
	EndGlobalSection
EndGlobal
